
Microsoft Visual Studio Solution File, Format Version 12.00
# Visual Studio Version 16
VisualStudioVersion = 16.0.28803.202
MinimumVisualStudioVersion = 10.0.40219.1
Project("{FAE04EC0-301F-11D3-BF4B-00C04F79EFBC}") = "Aula05-AplicacaoMVCConceitos", "Aula05-AplicacaoMVCConceitos\Aula05-AplicacaoMVCConceitos.csproj", "{5410D295-F7C0-4191-80F4-4CBC4252F274}"
EndProject
Project("{FAE04EC0-301F-11D3-BF4B-00C04F79EFBC}") = "Aula06-ConceitosCriandoViews", "Aula06-ConceitosCriandoViews\Aula06-ConceitosCriandoViews.csproj", "{85F260C5-A999-4258-8BB2-CF5768EAB879}"
EndProject
Project("{FAE04EC0-301F-11D3-BF4B-00C04F79EFBC}") = "Aula08-Model", "Aula08-Model\Aula08-Model.csproj", "{B951B7AD-39B1-4130-8261-C81B219A03BD}"
EndProject
Project("{FAE04EC0-301F-11D3-BF4B-00C04F79EFBC}") = "Aula09-ModelBinding", "Aula09-ModelBinding\Aula09-ModelBinding.csproj", "{123B12C2-A95F-410E-A704-DE9C70E971C1}"
EndProject
Project("{FAE04EC0-301F-11D3-BF4B-00C04F79EFBC}") = "Aula10-HTMLHelpers", "Aula10-HTMLHelpers\Aula10-HTMLHelpers.csproj", "{3E5F7369-EC2C-4097-80AB-F892D272FE38}"
EndProject
Project("{FAE04EC0-301F-11D3-BF4B-00C04F79EFBC}") = "Aula12-EntityFramework", "Aula12-EntityFramework\Aula12-EntityFramework.csproj", "{5EE9CC13-191E-41F1-AC92-390CBBF7F7B4}"
EndProject
Project("{FAE04EC0-301F-11D3-BF4B-00C04F79EFBC}") = "Aula13-FormCollection", "Aula13-FormCollection\Aula13-FormCollection.csproj", "{5A9574CA-54D4-479F-BC78-80E30BBFD207}"
EndProject
Project("{FAE04EC0-301F-11D3-BF4B-00C04F79EFBC}") = "Aula14-BussinesObjects", "Aula14-BussinesObjects\Aula14-BussinesObjects.csproj", "{A1F6EBE3-BFA8-43EE-A179-66C0F6BE1F32}"
EndProject
Project("{FAE04EC0-301F-11D3-BF4B-00C04F79EFBC}") = "Aula14-BussinesObjects-BLL", "Aula14-BussinesObjects-BLL\Aula14-BussinesObjects-BLL.csproj", "{19D3423E-54E4-4BB6-A6CD-4513788026F1}"
EndProject
Project("{FAE04EC0-301F-11D3-BF4B-00C04F79EFBC}") = "Aula15-InserindoDados", "Aula15-InserindoDados\Aula15-InserindoDados.csproj", "{577376F8-1BA6-4097-A479-8936E41F43F3}"
EndProject
Project("{FAE04EC0-301F-11D3-BF4B-00C04F79EFBC}") = "Aula15-InserindoDados-BLL", "Aula15-InserindoDados-BLL\Aula15-InserindoDados-BLL.csproj", "{6F4F9877-7E93-4D43-AC7F-F8092CD0E877}"
EndProject
Project("{FAE04EC0-301F-11D3-BF4B-00C04F79EFBC}") = "Aula25-Rotas", "Aula25-Rotas\Aula25-Rotas.csproj", "{C9A97401-224E-4575-A2D1-477A110CA1A5}"
EndProject
Global
	GlobalSection(SolutionConfigurationPlatforms) = preSolution
		Debug|Any CPU = Debug|Any CPU
		Release|Any CPU = Release|Any CPU
	EndGlobalSection
	GlobalSection(ProjectConfigurationPlatforms) = postSolution
		{5410D295-F7C0-4191-80F4-4CBC4252F274}.Debug|Any CPU.ActiveCfg = Debug|Any CPU
		{5410D295-F7C0-4191-80F4-4CBC4252F274}.Debug|Any CPU.Build.0 = Debug|Any CPU
		{5410D295-F7C0-4191-80F4-4CBC4252F274}.Release|Any CPU.ActiveCfg = Release|Any CPU
		{5410D295-F7C0-4191-80F4-4CBC4252F274}.Release|Any CPU.Build.0 = Release|Any CPU
		{85F260C5-A999-4258-8BB2-CF5768EAB879}.Debug|Any CPU.ActiveCfg = Debug|Any CPU
		{85F260C5-A999-4258-8BB2-CF5768EAB879}.Debug|Any CPU.Build.0 = Debug|Any CPU
		{85F260C5-A999-4258-8BB2-CF5768EAB879}.Release|Any CPU.ActiveCfg = Release|Any CPU
		{85F260C5-A999-4258-8BB2-CF5768EAB879}.Release|Any CPU.Build.0 = Release|Any CPU
		{B951B7AD-39B1-4130-8261-C81B219A03BD}.Debug|Any CPU.ActiveCfg = Debug|Any CPU
		{B951B7AD-39B1-4130-8261-C81B219A03BD}.Debug|Any CPU.Build.0 = Debug|Any CPU
		{B951B7AD-39B1-4130-8261-C81B219A03BD}.Release|Any CPU.ActiveCfg = Release|Any CPU
		{B951B7AD-39B1-4130-8261-C81B219A03BD}.Release|Any CPU.Build.0 = Release|Any CPU
		{123B12C2-A95F-410E-A704-DE9C70E971C1}.Debug|Any CPU.ActiveCfg = Debug|Any CPU
		{123B12C2-A95F-410E-A704-DE9C70E971C1}.Debug|Any CPU.Build.0 = Debug|Any CPU
		{123B12C2-A95F-410E-A704-DE9C70E971C1}.Release|Any CPU.ActiveCfg = Release|Any CPU
		{123B12C2-A95F-410E-A704-DE9C70E971C1}.Release|Any CPU.Build.0 = Release|Any CPU
		{3E5F7369-EC2C-4097-80AB-F892D272FE38}.Debug|Any CPU.ActiveCfg = Debug|Any CPU
		{3E5F7369-EC2C-4097-80AB-F892D272FE38}.Debug|Any CPU.Build.0 = Debug|Any CPU
		{3E5F7369-EC2C-4097-80AB-F892D272FE38}.Release|Any CPU.ActiveCfg = Release|Any CPU
		{3E5F7369-EC2C-4097-80AB-F892D272FE38}.Release|Any CPU.Build.0 = Release|Any CPU
		{5EE9CC13-191E-41F1-AC92-390CBBF7F7B4}.Debug|Any CPU.ActiveCfg = Debug|Any CPU
		{5EE9CC13-191E-41F1-AC92-390CBBF7F7B4}.Debug|Any CPU.Build.0 = Debug|Any CPU
		{5EE9CC13-191E-41F1-AC92-390CBBF7F7B4}.Release|Any CPU.ActiveCfg = Release|Any CPU
		{5EE9CC13-191E-41F1-AC92-390CBBF7F7B4}.Release|Any CPU.Build.0 = Release|Any CPU
		{5A9574CA-54D4-479F-BC78-80E30BBFD207}.Debug|Any CPU.ActiveCfg = Debug|Any CPU
		{5A9574CA-54D4-479F-BC78-80E30BBFD207}.Debug|Any CPU.Build.0 = Debug|Any CPU
		{5A9574CA-54D4-479F-BC78-80E30BBFD207}.Release|Any CPU.ActiveCfg = Release|Any CPU
		{5A9574CA-54D4-479F-BC78-80E30BBFD207}.Release|Any CPU.Build.0 = Release|Any CPU
		{A1F6EBE3-BFA8-43EE-A179-66C0F6BE1F32}.Debug|Any CPU.ActiveCfg = Debug|Any CPU
		{A1F6EBE3-BFA8-43EE-A179-66C0F6BE1F32}.Debug|Any CPU.Build.0 = Debug|Any CPU
		{A1F6EBE3-BFA8-43EE-A179-66C0F6BE1F32}.Release|Any CPU.ActiveCfg = Release|Any CPU
		{A1F6EBE3-BFA8-43EE-A179-66C0F6BE1F32}.Release|Any CPU.Build.0 = Release|Any CPU
		{19D3423E-54E4-4BB6-A6CD-4513788026F1}.Debug|Any CPU.ActiveCfg = Debug|Any CPU
		{19D3423E-54E4-4BB6-A6CD-4513788026F1}.Debug|Any CPU.Build.0 = Debug|Any CPU
		{19D3423E-54E4-4BB6-A6CD-4513788026F1}.Release|Any CPU.ActiveCfg = Release|Any CPU
		{19D3423E-54E4-4BB6-A6CD-4513788026F1}.Release|Any CPU.Build.0 = Release|Any CPU
		{577376F8-1BA6-4097-A479-8936E41F43F3}.Debug|Any CPU.ActiveCfg = Debug|Any CPU
		{577376F8-1BA6-4097-A479-8936E41F43F3}.Debug|Any CPU.Build.0 = Debug|Any CPU
		{577376F8-1BA6-4097-A479-8936E41F43F3}.Release|Any CPU.ActiveCfg = Release|Any CPU
		{577376F8-1BA6-4097-A479-8936E41F43F3}.Release|Any CPU.Build.0 = Release|Any CPU
		{6F4F9877-7E93-4D43-AC7F-F8092CD0E877}.Debug|Any CPU.ActiveCfg = Debug|Any CPU
		{6F4F9877-7E93-4D43-AC7F-F8092CD0E877}.Debug|Any CPU.Build.0 = Debug|Any CPU
		{6F4F9877-7E93-4D43-AC7F-F8092CD0E877}.Release|Any CPU.ActiveCfg = Release|Any CPU
		{6F4F9877-7E93-4D43-AC7F-F8092CD0E877}.Release|Any CPU.Build.0 = Release|Any CPU
		{C9A97401-224E-4575-A2D1-477A110CA1A5}.Debug|Any CPU.ActiveCfg = Debug|Any CPU
		{C9A97401-224E-4575-A2D1-477A110CA1A5}.Debug|Any CPU.Build.0 = Debug|Any CPU
		{C9A97401-224E-4575-A2D1-477A110CA1A5}.Release|Any CPU.ActiveCfg = Release|Any CPU
		{C9A97401-224E-4575-A2D1-477A110CA1A5}.Release|Any CPU.Build.0 = Release|Any CPU
	EndGlobalSection
	GlobalSection(SolutionProperties) = preSolution
		HideSolutionNode = FALSE
	EndGlobalSection
	GlobalSection(ExtensibilityGlobals) = postSolution
		SolutionGuid = {E45A7469-EB8F-4F48-9B50-B761DA0700E5}
	EndGlobalSection
EndGlobal
